
Microsoft Visual Studio Solution File, Format Version 12.00
# Visual Studio 15
VisualStudioVersion = 15.0.27130.2020
MinimumVisualStudioVersion = 10.0.40219.1
Project("{FAE04EC0-301F-11D3-BF4B-00C04F79EFBC}") = "AI()_Bonus_Assignment(std-Id=59423)", "AI()_Bonus_Assignment(std-Id=59423)\AI()_Bonus_Assignment(std-Id=59423).csproj", "{B06531DE-F576-44D3-93BE-84B611705572}"
EndProject
Global
	GlobalSection(SolutionConfigurationPlatforms) = preSolution
		Debug|Any CPU = Debug|Any CPU
		Release|Any CPU = Release|Any CPU
	EndGlobalSection
	GlobalSection(ProjectConfigurationPlatforms) = postSolution
		{B06531DE-F576-44D3-93BE-84B611705572}.Debug|Any CPU.ActiveCfg = Debug|Any CPU
		{B06531DE-F576-44D3-93BE-84B611705572}.Debug|Any CPU.Build.0 = Debug|Any CPU
		{B06531DE-F576-44D3-93BE-84B611705572}.Release|Any CPU.ActiveCfg = Release|Any CPU
		{B06531DE-F576-44D3-93BE-84B611705572}.Release|Any CPU.Build.0 = Release|Any CPU
	EndGlobalSection
	GlobalSection(SolutionProperties) = preSolution
		HideSolutionNode = FALSE
	EndGlobalSection
	GlobalSection(ExtensibilityGlobals) = postSolution
		SolutionGuid = {038C9EA1-D295-4997-84D1-07B42247FD77}
	EndGlobalSection
EndGlobal
